[[package]]
category = "dev"
description = "Atomic file writes."
name = "atomicwrites"
optional = false
python-versions = ">=2.7, !=3.0.*, !=3.1.*, !=3.2.*, !=3.3.*"
version = "1.3.0"

[[package]]
category = "dev"
description = "Classes Without Boilerplate"
name = "attrs"
optional = false
python-versions = "*"
version = "18.2.0"

[[package]]
category = "dev"
description = "Cross-platform colored terminal text."
marker = "sys_platform == \"win32\""
name = "colorama"
optional = false
python-versions = ">=2.7, !=3.0.*, !=3.1.*, !=3.2.*, !=3.3.*"
version = "0.4.1"

[[package]]
category = "main"
description = "Background Processing for Python 3."
name = "dramatiq"
optional = false
python-versions = ">=3.5"
version = "1.5.0"

[package.dependencies]
prometheus-client = ">=0.2,<0.3"

[[package]]
category = "dev"
description = "Discover and load entry points from installed packages."
name = "entrypoints"
optional = false
python-versions = ">=2.7"
version = "0.3"

[[package]]
category = "dev"
description = "the modular source code checker: pep8, pyflakes and co"
name = "flake8"
optional = false
python-versions = ">=2.7, !=3.0.*, !=3.1.*, !=3.2.*, !=3.3.*"
version = "3.7.6"

[package.dependencies]
entrypoints = ">=0.3.0,<0.4.0"
mccabe = ">=0.6.0,<0.7.0"
pycodestyle = ">=2.5.0,<2.6.0"
pyflakes = ">=2.1.0,<2.2.0"

[[package]]
category = "dev"
description = "McCabe checker, plugin for flake8"
name = "mccabe"
optional = false
python-versions = "*"
version = "0.6.1"

[[package]]
category = "dev"
description = "More routines for operating on iterables, beyond itertools"
marker = "python_version > \"2.7\""
name = "more-itertools"
optional = false
python-versions = ">=3.4"
version = "6.0.0"

[[package]]
category = "dev"
description = "Object-oriented filesystem paths"
marker = "python_version < \"3.6\""
name = "pathlib2"
optional = false
python-versions = "*"
version = "2.3.3"

[package.dependencies]
six = "*"

[[package]]
category = "main"
description = "Python datetimes made easy"
name = "pendulum"
optional = false
python-versions = ">=2.7, !=3.0.*, !=3.1.*, !=3.2.*, !=3.3.*"
version = "2.0.4"

[package.dependencies]
python-dateutil = ">=2.6,<3.0"
pytzdata = ">=2018.3"

[[package]]
category = "dev"
description = "plugin and hook calling mechanisms for python"
name = "pluggy"
optional = false
python-versions = ">=2.7, !=3.0.*, !=3.1.*, !=3.2.*, !=3.3.*"
version = "0.8.1"

[[package]]
category = "main"
description = "Python client for the Prometheus monitoring system."
name = "prometheus-client"
optional = false
python-versions = "*"
version = "0.2.0"

[[package]]
category = "dev"
description = "library with cross-python path, ini-parsing, io, code, log facilities"
name = "py"
optional = false
python-versions = ">=2.7, !=3.0.*, !=3.1.*, !=3.2.*, !=3.3.*"
version = "1.8.0"

[[package]]
category = "dev"
description = "Python style guide checker"
name = "pycodestyle"
optional = false
python-versions = ">=2.7, !=3.0.*, !=3.1.*, !=3.2.*, !=3.3.*"
version = "2.5.0"

[[package]]
category = "dev"
description = "passive checker of Python programs"
name = "pyflakes"
optional = false
python-versions = ">=2.7, !=3.0.*, !=3.1.*, !=3.2.*, !=3.3.*"
version = "2.1.0"

[[package]]
category = "dev"
description = "pytest: simple powerful testing with Python"
name = "pytest"
optional = false
python-versions = ">=2.7, !=3.0.*, !=3.1.*, !=3.2.*, !=3.3.*"
version = "4.3.0"

[package.dependencies]
atomicwrites = ">=1.0"
attrs = ">=17.4.0"
colorama = "*"
pluggy = ">=0.7"
py = ">=1.5.0"
setuptools = "*"
six = ">=1.10.0"

[package.dependencies.more-itertools]
python = ">2.7"
version = ">=4.0.0"

[package.dependencies.pathlib2]
python = "<3.6"
version = ">=2.2.0"

[[package]]
category = "main"
description = "Extensions to the standard Python datetime module"
name = "python-dateutil"
optional = false
python-versions = ">=2.7, !=3.0.*, !=3.1.*, !=3.2.*"
version = "2.8.0"

[package.dependencies]
six = ">=1.5"

[[package]]
category = "main"
description = "The Olson timezone database for Python."
name = "pytzdata"
optional = false
python-versions = ">=2.7, !=3.0.*, !=3.1.*, !=3.2.*, !=3.3.*"
version = "2018.9"

[[package]]
category = "main"
description = "Python 2 and 3 compatibility utilities"
name = "six"
optional = false
python-versions = ">=2.6, !=3.0.*, !=3.1.*"
version = "1.12.0"

[metadata]
content-hash = "3e88feb65fb547899807763b2e124b2cdd7a3c1d250d5336e47535df23b5d432"
python-versions = "^3.5"

[metadata.hashes]
atomicwrites = ["03472c30eb2c5d1ba9227e4c2ca66ab8287fbfbbda3888aa93dc2e28fc6811b4", "75a9445bac02d8d058d5e1fe689654ba5a6556a1dfd8ce6ec55a0ed79866cfa6"]
attrs = ["10cbf6e27dbce8c30807caf056c8eb50917e0eaafe86347671b57254006c3e69", "ca4be454458f9dec299268d472aaa5a11f67a4ff70093396e1ceae9c76cf4bbb"]
colorama = ["05eed71e2e327246ad6b38c540c4a3117230b19679b875190486ddd2d721422d", "f8ac84de7840f5b9c4e3347b3c1eaa50f7e49c2b07596221daec5edaabbd7c48"]
dramatiq = ["2ba322cc93bd218bb9838cf8181ea162a8eaaf4220f6c29f43ae25e17a47250c", "f2a19cabf090117d29bf156f1d765fa84972d09e0e31ad4e5958c52c0574377a"]
entrypoints = ["589f874b313739ad35be6e0cd7efde2a4e9b6fea91edcc34e58ecbb8dbe56d19", "c70dd71abe5a8c85e55e12c19bd91ccfeec11a6e99044204511f9ed547d48451"]
flake8 = ["6d8c66a65635d46d54de59b027a1dda40abbe2275b3164b634835ac9c13fd048", "6eab21c6e34df2c05416faa40d0c59963008fff29b6f0ccfe8fa28152ab3e383"]
mccabe = ["ab8a6258860da4b6677da4bd2fe5dc2c659cff31b3ee4f7f5d64e79735b80d42", "dd8d182285a0fe56bace7f45b5e7d1a6ebcbf524e8f3bd87eb0f125271b8831f"]
more-itertools = ["0125e8f60e9e031347105eb1682cef932f5e97d7b9a1a28d9bf00c22a5daef40", "590044e3942351a1bdb1de960b739ff4ce277960f2425ad4509446dbace8d9d1"]
pathlib2 = ["25199318e8cc3c25dcb45cbe084cc061051336d5a9ea2a12448d3d8cb748f742", "5887121d7f7df3603bca2f710e7219f3eca0eb69e0b7cc6e0a022e155ac931a7"]
pendulum = ["0f43d963b27e92b04047ce8352e4c277db99f20d0b513df7d0ceafe674a2f727", "14e60d26d7400980123dbb6e3f2a90b70d7c18c63742ffe5bd6d6a643f8c6ef1", "5035a4e17504814a679f138374269cc7cc514aeac7ba6d9dc020abc224f25dbc", "8c0b3d655c1e9205d4dacf42fffc929cde3b19b5fb544a7f7561e6896eb8a000", "bfc7b33ae193a204ec0bec12ad0d2d3300cd7e51d91d992da525ba3b28f0d265", "cd70b75800439794e1ad8dbfa24838845e171918df81fa98b68d0d5a6f9b8bf2", "cf535d36c063575d4752af36df928882b2e0e31541b4482c97d63752785f9fcb"]
pluggy = ["8ddc32f03971bfdf900a81961a48ccf2fb677cf7715108f85295c67405798616", "980710797ff6a041e9a73a5787804f848996ecaa6f8a1b1e08224a5894f2074a"]
prometheus-client = ["d96472e43bb49b10ec748b59014af122048ff7c5c2528994683e4783250865e4"]
py = ["64f65755aee5b381cea27766a3a147c3f15b9b6b9ac88676de66ba2ae36793fa", "dc639b046a6e2cff5bbe40194ad65936d6ba360b52b3c3fe1d08a82dd50b5e53"]
pycodestyle = ["95a2219d12372f05704562a14ec30bc76b05a5b297b21a5dfe3f6fac3491ae56", "e40a936c9a450ad81df37f549d676d127b1b66000a6c500caa2b085bc0ca976c"]
pyflakes = ["5e8c00e30c464c99e0b501dc160b13a14af7f27d4dffb529c556e30a159e231d", "f277f9ca3e55de669fba45b7393a1449009cff5a37d1af10ebb76c52765269cd"]
pytest = ["067a1d4bf827ffdd56ad21bd46674703fce77c5957f6c1eef731f6146bfcef1c", "9687049d53695ad45cf5fdc7bbd51f0c49f1ea3ecfc4b7f3fde7501b541f17f4"]
python-dateutil = ["7e6584c74aeed623791615e26efd690f29817a27c73085b78e4bad02493df2fb", "c89805f6f4d64db21ed966fda138f8a5ed7a4fdbc1a8ee329ce1b74e3c74da9e"]
pytzdata = ["9626e42fd9df77b16aedbd909d1e5fda839be47966adb7089b990f3452c45dd8", "dddaaf4f1717820a6fdcac94057e03c1a15b3829a44d9eaf19988917977db408"]
six = ["3350809f0555b11f552448330d0b52d5f24c91a322ea4a15ef22629740f3761c", "d16a0141ec1a18405cd4ce8b4613101da75da0e9a7aec5bdd4fa804d0e0eba73"]
